
Microsoft Visual Studio Solution File, Format Version 12.00
# Visual Studio Version 16
VisualStudioVersion = 16.0.30717.126
MinimumVisualStudioVersion = 10.0.40219.1
Project("{2150E333-8FDC-42A3-9474-1A3956D46DE8}") = "Application", "Application", "{52EC255D-AF13-427C-85F6-E00091DD30D7}"
EndProject
Project("{2150E333-8FDC-42A3-9474-1A3956D46DE8}") = "Domain", "Domain", "{1784B8DE-63B5-4465-98C5-37077EEE538D}"
EndProject
Project("{2150E333-8FDC-42A3-9474-1A3956D46DE8}") = "Infra.IoC", "Infra.IoC", "{BEDDBDBF-1DAA-4C02-BF33-99286FAE96C0}"
EndProject
Project("{2150E333-8FDC-42A3-9474-1A3956D46DE8}") = "Infra.Data", "Infra.Data", "{1714C623-171B-4746-9E6F-23A6B4C4439E}"
EndProject
Project("{2150E333-8FDC-42A3-9474-1A3956D46DE8}") = "Presentation", "Presentation", "{41932BB1-0192-4418-B79F-943BBADD75A4}"
EndProject
Project("{9A19103F-16F7-4668-BE54-9A1E7A4F7556}") = "CleanArch.Mvc", "CleanArch.Mvc\CleanArch.Mvc.csproj", "{4E0B8C1A-4D0D-4592-8453-4A396486340B}"
EndProject
Project("{9A19103F-16F7-4668-BE54-9A1E7A4F7556}") = "CleanArch.Domain", "CleanArch.Domain\CleanArch.Domain.csproj", "{6A74777F-50BD-47E6-8E79-B0B031B8B273}"
EndProject
Project("{9A19103F-16F7-4668-BE54-9A1E7A4F7556}") = "CleanArch.Infra.Data", "CleanArch.Infra.Data\CleanArch.Infra.Data.csproj", "{B4C138D8-36FD-4516-A8EF-98B9DFAAEA28}"
EndProject
Project("{9A19103F-16F7-4668-BE54-9A1E7A4F7556}") = "CleanArch.Application", "CleanArch.Application\CleanArch.Application.csproj", "{E45B5CEF-73D1-458F-983F-ACF81D14B05A}"
EndProject
Project("{FAE04EC0-301F-11D3-BF4B-00C04F79EFBC}") = "CleanArch.Infra.IoC", "CleanArch.Infra.IoC\CleanArch.Infra.IoC.csproj", "{B9AD1E67-FA17-4886-B083-D5E72AEBA724}"
EndProject
Global
	GlobalSection(SolutionConfigurationPlatforms) = preSolution
		Debug|Any CPU = Debug|Any CPU
		Release|Any CPU = Release|Any CPU
	EndGlobalSection
	GlobalSection(ProjectConfigurationPlatforms) = postSolution
		{4E0B8C1A-4D0D-4592-8453-4A396486340B}.Debug|Any CPU.ActiveCfg = Debug|Any CPU
		{4E0B8C1A-4D0D-4592-8453-4A396486340B}.Debug|Any CPU.Build.0 = Debug|Any CPU
		{4E0B8C1A-4D0D-4592-8453-4A396486340B}.Release|Any CPU.ActiveCfg = Release|Any CPU
		{4E0B8C1A-4D0D-4592-8453-4A396486340B}.Release|Any CPU.Build.0 = Release|Any CPU
		{6A74777F-50BD-47E6-8E79-B0B031B8B273}.Debug|Any CPU.ActiveCfg = Debug|Any CPU
		{6A74777F-50BD-47E6-8E79-B0B031B8B273}.Debug|Any CPU.Build.0 = Debug|Any CPU
		{6A74777F-50BD-47E6-8E79-B0B031B8B273}.Release|Any CPU.ActiveCfg = Release|Any CPU
		{6A74777F-50BD-47E6-8E79-B0B031B8B273}.Release|Any CPU.Build.0 = Release|Any CPU
		{B4C138D8-36FD-4516-A8EF-98B9DFAAEA28}.Debug|Any CPU.ActiveCfg = Debug|Any CPU
		{B4C138D8-36FD-4516-A8EF-98B9DFAAEA28}.Debug|Any CPU.Build.0 = Debug|Any CPU
		{B4C138D8-36FD-4516-A8EF-98B9DFAAEA28}.Release|Any CPU.ActiveCfg = Release|Any CPU
		{B4C138D8-36FD-4516-A8EF-98B9DFAAEA28}.Release|Any CPU.Build.0 = Release|Any CPU
		{E45B5CEF-73D1-458F-983F-ACF81D14B05A}.Debug|Any CPU.ActiveCfg = Debug|Any CPU
		{E45B5CEF-73D1-458F-983F-ACF81D14B05A}.Debug|Any CPU.Build.0 = Debug|Any CPU
		{E45B5CEF-73D1-458F-983F-ACF81D14B05A}.Release|Any CPU.ActiveCfg = Release|Any CPU
		{E45B5CEF-73D1-458F-983F-ACF81D14B05A}.Release|Any CPU.Build.0 = Release|Any CPU
		{B9AD1E67-FA17-4886-B083-D5E72AEBA724}.Debug|Any CPU.ActiveCfg = Debug|Any CPU
		{B9AD1E67-FA17-4886-B083-D5E72AEBA724}.Debug|Any CPU.Build.0 = Debug|Any CPU
		{B9AD1E67-FA17-4886-B083-D5E72AEBA724}.Release|Any CPU.ActiveCfg = Release|Any CPU
		{B9AD1E67-FA17-4886-B083-D5E72AEBA724}.Release|Any CPU.Build.0 = Release|Any CPU
	EndGlobalSection
	GlobalSection(SolutionProperties) = preSolution
		HideSolutionNode = FALSE
	EndGlobalSection
	GlobalSection(NestedProjects) = preSolution
		{4E0B8C1A-4D0D-4592-8453-4A396486340B} = {41932BB1-0192-4418-B79F-943BBADD75A4}
		{6A74777F-50BD-47E6-8E79-B0B031B8B273} = {1784B8DE-63B5-4465-98C5-37077EEE538D}
		{B4C138D8-36FD-4516-A8EF-98B9DFAAEA28} = {1714C623-171B-4746-9E6F-23A6B4C4439E}
		{E45B5CEF-73D1-458F-983F-ACF81D14B05A} = {52EC255D-AF13-427C-85F6-E00091DD30D7}
		{B9AD1E67-FA17-4886-B083-D5E72AEBA724} = {BEDDBDBF-1DAA-4C02-BF33-99286FAE96C0}
	EndGlobalSection
	GlobalSection(ExtensibilityGlobals) = postSolution
		SolutionGuid = {B5A6DA01-2A78-4A3B-97EB-A31815946203}
	EndGlobalSection
EndGlobal
