
Microsoft Visual Studio Solution File, Format Version 12.00
# Visual Studio Version 16
VisualStudioVersion = 16.0.30717.126
MinimumVisualStudioVersion = 10.0.40219.1
Project("{2150E333-8FDC-42A3-9474-1A3956D46DE8}") = "CleanArch.Application", "CleanArch.Application", "{52EC255D-AF13-427C-85F6-E00091DD30D7}"
EndProject
Project("{2150E333-8FDC-42A3-9474-1A3956D46DE8}") = "CleanArch.Domain", "CleanArch.Domain", "{1784B8DE-63B5-4465-98C5-37077EEE538D}"
EndProject
Project("{2150E333-8FDC-42A3-9474-1A3956D46DE8}") = "CleanArch.Infra.IoC", "CleanArch.Infra.IoC", "{BEDDBDBF-1DAA-4C02-BF33-99286FAE96C0}"
EndProject
Project("{2150E333-8FDC-42A3-9474-1A3956D46DE8}") = "CleanArch.Infra.Data", "CleanArch.Infra.Data", "{1714C623-171B-4746-9E6F-23A6B4C4439E}"
EndProject
Project("{2150E333-8FDC-42A3-9474-1A3956D46DE8}") = "CleanArch.UI.Mvc", "CleanArch.UI.Mvc", "{41932BB1-0192-4418-B79F-943BBADD75A4}"
EndProject
Project("{FAE04EC0-301F-11D3-BF4B-00C04F79EFBC}") = "CleanArch.Mvc", "CleanArch.Mvc\CleanArch.Mvc.csproj", "{4E0B8C1A-4D0D-4592-8453-4A396486340B}"
EndProject
Global
	GlobalSection(SolutionConfigurationPlatforms) = preSolution
		Debug|Any CPU = Debug|Any CPU
		Release|Any CPU = Release|Any CPU
	EndGlobalSection
	GlobalSection(ProjectConfigurationPlatforms) = postSolution
		{4E0B8C1A-4D0D-4592-8453-4A396486340B}.Debug|Any CPU.ActiveCfg = Debug|Any CPU
		{4E0B8C1A-4D0D-4592-8453-4A396486340B}.Debug|Any CPU.Build.0 = Debug|Any CPU
		{4E0B8C1A-4D0D-4592-8453-4A396486340B}.Release|Any CPU.ActiveCfg = Release|Any CPU
		{4E0B8C1A-4D0D-4592-8453-4A396486340B}.Release|Any CPU.Build.0 = Release|Any CPU
	EndGlobalSection
	GlobalSection(SolutionProperties) = preSolution
		HideSolutionNode = FALSE
	EndGlobalSection
	GlobalSection(NestedProjects) = preSolution
		{4E0B8C1A-4D0D-4592-8453-4A396486340B} = {41932BB1-0192-4418-B79F-943BBADD75A4}
	EndGlobalSection
	GlobalSection(ExtensibilityGlobals) = postSolution
		SolutionGuid = {B5A6DA01-2A78-4A3B-97EB-A31815946203}
	EndGlobalSection
EndGlobal
